<?xml version="1.0" encoding="utf-8"?>
<Project ToolsVersion="4.0" xmlns="http://schemas.microsoft.com/developer/msbuild/2003">
  <ItemGroup>
    <Filter Include="Source Files">
      <UniqueIdentifier>{4FC737F1-C7A5-4376-A066-2A32D752A2FF}</UniqueIdentifier>
      <Extensions>cpp;c;cc;cxx;c++;cppm;ixx;def;odl;idl;hpj;bat;asm;asmx</Extensions>
    </Filter>
    <Filter Include="Header Files">
      <UniqueIdentifier>{93995380-89BD-4b04-88EB-625FBE52EBFB}</UniqueIdentifier>
      <Extensions>h;hh;hpp;hxx;h++;hm;inl;inc;ipp;xsd</Extensions>
    </Filter>
    <Filter Include="Resource Files">
      <UniqueIdentifier>{67DA6AB6-F800-4c08-8B7A-83BB121AAD01}</UniqueIdentifier>
      <Extensions>rc;ico;cur;bmp;dlg;rc2;rct;bin;rgs;gif;jpg;jpeg;jpe;resx;tiff;tif;png;wav;mfcribbon-ms</Extensions>
    </Filter>
    <Filter Include="Header Files\Inventory">
      <UniqueIdentifier>{9f0b5d2d-3886-4a59-9804-e63a4652db22}</UniqueIdentifier>
    </Filter>
    <Filter Include="Header Files\IO">
      <UniqueIdentifier>{8a868122-8c11-4c7c-b301-85a56d25d5cb}</UniqueIdentifier>
    </Filter>
    <Filter Include="Header Files\Math">
      <UniqueIdentifier>{c38e7c58-3d25-4524-895a-6a51078174da}</UniqueIdentifier>
    </Filter>
    <Filter Include="Header Files\Data Saving">
      <UniqueIdentifier>{78041594-7b6e-4129-804d-7d277aaf84e7}</UniqueIdentifier>
    </Filter>
    <Filter Include="Header Files\3rd Party">
      <UniqueIdentifier>{a961c08e-5eeb-4ab7-b954-ec4173d9d339}</UniqueIdentifier>
    </Filter>
    <Filter Include="Source Files\IO">
      <UniqueIdentifier>{c360f1fb-7851-4d8a-91c5-041ffd592119}</UniqueIdentifier>
    </Filter>
    <Filter Include="Source Files\Inventory">
      <UniqueIdentifier>{e9fca4c5-6ffd-433a-862c-3042ce17a80e}</UniqueIdentifier>
    </Filter>
    <Filter Include="Source Files\Math">
      <UniqueIdentifier>{a812a8c5-124a-4652-99ad-fc8fb1e6093e}</UniqueIdentifier>
    </Filter>
    <Filter Include="Source Files\Data Saving">
      <UniqueIdentifier>{aca13d88-e0ca-4483-8b96-c9f5cd62c1ab}</UniqueIdentifier>
    </Filter>
    <Filter Include="Header Files\Stats">
      <UniqueIdentifier>{fa3c7d73-a090-4556-b6d7-2cbf99dabc5f}</UniqueIdentifier>
    </Filter>
  </ItemGroup>
  <ItemGroup>
    <ClCompile Include="FileIO.cpp">
      <Filter>Source Files\IO</Filter>
    </ClCompile>
    <ClCompile Include="GameIO.cpp">
      <Filter>Source Files\IO</Filter>
    </ClCompile>
    <ClCompile Include="InventoryContainer.cpp">
      <Filter>Source Files\Inventory</Filter>
    </ClCompile>
    <ClCompile Include="InventoryFactory.cpp">
      <Filter>Source Files\Inventory</Filter>
    </ClCompile>
    <ClCompile Include="Item.cpp">
      <Filter>Source Files\Inventory</Filter>
    </ClCompile>
    <ClCompile Include="GameMath.cpp">
      <Filter>Source Files\Math</Filter>
    </ClCompile>
    <ClCompile Include="EncryptedSerializer.cpp">
      <Filter>Source Files\Data Saving</Filter>
    </ClCompile>
    <ClCompile Include="Weapon.cpp">
      <Filter>Source Files\Inventory</Filter>
    </ClCompile>
  </ItemGroup>
  <ItemGroup>
    <ClInclude Include="FileIO.hpp">
      <Filter>Header Files\IO</Filter>
    </ClInclude>
    <ClInclude Include="ANSI_Colors.hpp">
      <Filter>Header Files\IO</Filter>
    </ClInclude>
    <ClInclude Include="GameIO.hpp">
      <Filter>Header Files\IO</Filter>
    </ClInclude>
    <ClInclude Include="GameMath.hpp">
      <Filter>Header Files\Math</Filter>
    </ClInclude>
    <ClInclude Include="IFileIO.hpp">
      <Filter>Header Files\IO</Filter>
    </ClInclude>
    <ClInclude Include="InventoryComponent.hpp">
      <Filter>Header Files\Inventory</Filter>
    </ClInclude>
    <ClInclude Include="InventoryContainer.hpp">
      <Filter>Header Files\Inventory</Filter>
    </ClInclude>
    <ClInclude Include="InventoryFactory.hpp">
      <Filter>Header Files\Inventory</Filter>
    </ClInclude>
    <ClInclude Include="EncryptedSerializer.hpp">
      <Filter>Header Files\Data Saving</Filter>
    </ClInclude>
    <ClInclude Include="ISerializable.hpp">
      <Filter>Header Files\Data Saving</Filter>
    </ClInclude>
    <ClInclude Include="ISerializer.hpp">
      <Filter>Header Files\Data Saving</Filter>
    </ClInclude>
    <ClInclude Include="Item.hpp">
      <Filter>Header Files\Inventory</Filter>
    </ClInclude>
    <ClInclude Include="ItemDecorator.hpp">
      <Filter>Header Files\Inventory</Filter>
    </ClInclude>
    <ClInclude Include="JSONSerializer.hpp">
      <Filter>Header Files\Data Saving</Filter>
    </ClInclude>
    <ClInclude Include="json.hpp">
      <Filter>Header Files\3rd Party</Filter>
    </ClInclude>
    <ClInclude Include="Equipment.hpp">
      <Filter>Header Files\Inventory</Filter>
    </ClInclude>
    <ClInclude Include="CoreStats.hpp">
      <Filter>Header Files\Stats</Filter>
    </ClInclude>
    <ClInclude Include="IScaling.hpp">
      <Filter>Header Files\Stats</Filter>
    </ClInclude>
    <ClInclude Include="Weapon.hpp">
      <Filter>Header Files\Inventory</Filter>
    </ClInclude>
    <ClInclude Include="WeaponScaling.hpp">
      <Filter>Header Files\Stats</Filter>
    </ClInclude>
  </ItemGroup>
</Project>